
Microsoft Visual Studio Solution File, Format Version 12.00
# Visual Studio Version 17
VisualStudioVersion = 17.8.34316.72
MinimumVisualStudioVersion = 10.0.40219.1
Project("{FAE04EC0-301F-11D3-BF4B-00C04F79EFBC}") = "Selenium NUnit Project", "Selenium NUnit Project.csproj", "{143CC4D6-EC7E-4A3C-A1D0-1388124F23BF}"
EndProject
Global
	GlobalSection(SolutionConfigurationPlatforms) = preSolution
		Debug|Any CPU = Debug|Any CPU
		Release|Any CPU = Release|Any CPU
	EndGlobalSection
	GlobalSection(ProjectConfigurationPlatforms) = postSolution
		{143CC4D6-EC7E-4A3C-A1D0-1388124F23BF}.Debug|Any CPU.ActiveCfg = Debug|Any CPU
		{143CC4D6-EC7E-4A3C-A1D0-1388124F23BF}.Debug|Any CPU.Build.0 = Debug|Any CPU
		{143CC4D6-EC7E-4A3C-A1D0-1388124F23BF}.Release|Any CPU.ActiveCfg = Release|Any CPU
		{143CC4D6-EC7E-4A3C-A1D0-1388124F23BF}.Release|Any CPU.Build.0 = Release|Any CPU
	EndGlobalSection
	GlobalSection(SolutionProperties) = preSolution
		HideSolutionNode = FALSE
	EndGlobalSection
	GlobalSection(ExtensibilityGlobals) = postSolution
		SolutionGuid = {A9F982D1-385B-4239-BF3C-8A27C43984AF}
	EndGlobalSection
EndGlobal
